// !$*UTF8*$!
{
	archiveVersion = 1;
	classes = {
	};
	objectVersion = 50;
	objects = {

/* Begin PBXBuildFile section */
		4FB791CD25ABC33A00BE5A90 /* AppDelegate.swift in Sources */ = {isa = PBXBuildFile; fileRef = 4FB791CC25ABC33A00BE5A90 /* AppDelegate.swift */; };
		4FB791CF25ABC33A00BE5A90 /* SceneDelegate.swift in Sources */ = {isa = PBXBuildFile; fileRef = 4FB791CE25ABC33A00BE5A90 /* SceneDelegate.swift */; };
		4FB791D125ABC33A00BE5A90 /* ViewController.swift in Sources */ = {isa = PBXBuildFile; fileRef = 4FB791D025ABC33A00BE5A90 /* ViewController.swift */; };
		4FB791D425ABC33A00BE5A90 /* Main.storyboard in Resources */ = {isa = PBXBuildFile; fileRef = 4FB791D225ABC33A00BE5A90 /* Main.storyboard */; };
		4FB791D625ABC33E00BE5A90 /* Assets.xcassets in Resources */ = {isa = PBXBuildFile; fileRef = 4FB791D525ABC33E00BE5A90 /* Assets.xcassets */; };
		4FB791D925ABC33E00BE5A90 /* LaunchScreen.storyboard in Resources */ = {isa = PBXBuildFile; fileRef = 4FB791D725ABC33E00BE5A90 /* LaunchScreen.storyboard */; };
		4FB791E425ABC33E00BE5A90 /* profileDemo002Tests.swift in Sources */ = {isa = PBXBuildFile; fileRef = 4FB791E325ABC33E00BE5A90 /* profileDemo002Tests.swift */; };
		4FB791EF25ABC33E00BE5A90 /* profileDemo002UITests.swift in Sources */ = {isa = PBXBuildFile; fileRef = 4FB791EE25ABC33E00BE5A90 /* profileDemo002UITests.swift */; };
/* End PBXBuildFile section */

/* Begin PBXContainerItemProxy section */
		4FB791E025ABC33E00BE5A90 /* PBXContainerItemProxy */ = {
			isa = PBXContainerItemProxy;
			containerPortal = 4FB791C125ABC33A00BE5A90 /* Project object */;
			proxyType = 1;
			remoteGlobalIDString = 4FB791C825ABC33A00BE5A90;
			remoteInfo = profileDemo002;
		};
		4FB791EB25ABC33E00BE5A90 /* PBXContainerItemProxy */ = {
			isa = PBXContainerItemProxy;
			containerPortal = 4FB791C125ABC33A00BE5A90 /* Project object */;
			proxyType = 1;
			remoteGlobalIDString = 4FB791C825ABC33A00BE5A90;
			remoteInfo = profileDemo002;
		};
/* End PBXContainerItemProxy section */

/* Begin PBXFileReference section */
		4FB791C925ABC33A00BE5A90 /* profileDemo002.app */ = {isa = PBXFileReference; explicitFileType = wrapper.application; includeInIndex = 0; path = profileDemo002.app; sourceTree = BUILT_PRODUCTS_DIR; };
		4FB791CC25ABC33A00BE5A90 /* AppDelegate.swift */ = {isa = PBXFileReference; lastKnownFileType = sourcecode.swift; path = AppDelegate.swift; sourceTree = "<group>"; };
		4FB791CE25ABC33A00BE5A90 /* SceneDelegate.swift */ = {isa = PBXFileReference; lastKnownFileType = sourcecode.swift; path = SceneDelegate.swift; sourceTree = "<group>"; };
		4FB791D025ABC33A00BE5A90 /* ViewController.swift */ = {isa = PBXFileReference; lastKnownFileType = sourcecode.swift; path = ViewController.swift; sourceTree = "<group>"; };
		4FB791D325ABC33A00BE5A90 /* Base */ = {isa = PBXFileReference; lastKnownFileType = file.storyboard; name = Base; path = Base.lproj/Main.storyboard; sourceTree = "<group>"; };
		4FB791D525ABC33E00BE5A90 /* Assets.xcassets */ = {isa = PBXFileReference; lastKnownFileType = folder.assetcatalog; path = Assets.xcassets; sourceTree = "<group>"; };
		4FB791D825ABC33E00BE5A90 /* Base */ = {isa = PBXFileReference; lastKnownFileType = file.storyboard; name = Base; path = Base.lproj/LaunchScreen.storyboard; sourceTree = "<group>"; };
		4FB791DA25ABC33E00BE5A90 /* Info.plist */ = {isa = PBXFileReference; lastKnownFileType = text.plist.xml; path = Info.plist; sourceTree = "<group>"; };
		4FB791DF25ABC33E00BE5A90 /* profileDemo002Tests.xctest */ = {isa = PBXFileReference; explicitFileType = wrapper.cfbundle; includeInIndex = 0; path = profileDemo002Tests.xctest; sourceTree = BUILT_PRODUCTS_DIR; };
		4FB791E325ABC33E00BE5A90 /* profileDemo002Tests.swift */ = {isa = PBXFileReference; lastKnownFileType = sourcecode.swift; path = profileDemo002Tests.swift; sourceTree = "<group>"; };
		4FB791E525ABC33E00BE5A90 /* Info.plist */ = {isa = PBXFileReference; lastKnownFileType = text.plist.xml; path = Info.plist; sourceTree = "<group>"; };
		4FB791EA25ABC33E00BE5A90 /* profileDemo002UITests.xctest */ = {isa = PBXFileReference; explicitFileType = wrapper.cfbundle; includeInIndex = 0; path = profileDemo002UITests.xctest; sourceTree = BUILT_PRODUCTS_DIR; };
		4FB791EE25ABC33E00BE5A90 /* profileDemo002UITests.swift */ = {isa = PBXFileReference; lastKnownFileType = sourcecode.swift; path = profileDemo002UITests.swift; sourceTree = "<group>"; };
		4FB791F025ABC33E00BE5A90 /* Info.plist */ = {isa = PBXFileReference; lastKnownFileType = text.plist.xml; path = Info.plist; sourceTree = "<group>"; };
/* End PBXFileReference section */

/* Begin PBXFrameworksBuildPhase section */
		4FB791C625ABC33A00BE5A90 /* Frameworks */ = {
			isa = PBXFrameworksBuildPhase;
			buildActionMask = 2147483647;
			files = (
			);
			runOnlyForDeploymentPostprocessing = 0;
		};
		4FB791DC25ABC33E00BE5A90 /* Frameworks */ = {
			isa = PBXFrameworksBuildPhase;
			buildActionMask = 2147483647;
			files = (
			);
			runOnlyForDeploymentPostprocessing = 0;
		};
		4FB791E725ABC33E00BE5A90 /* Frameworks */ = {
			isa = PBXFrameworksBuildPhase;
			buildActionMask = 2147483647;
			files = (
			);
			runOnlyForDeploymentPostprocessing = 0;
		};
/* End PBXFrameworksBuildPhase section */

/* Begin PBXGroup section */
		4FB791C025ABC33A00BE5A90 = {
			isa = PBXGroup;
			children = (
				4FB791CB25ABC33A00BE5A90 /* profileDemo002 */,
				4FB791E225ABC33E00BE5A90 /* profileDemo002Tests */,
				4FB791ED25ABC33E00BE5A90 /* profileDemo002UITests */,
				4FB791CA25ABC33A00BE5A90 /* Products */,
			);
			sourceTree = "<group>";
		};
		4FB791CA25ABC33A00BE5A90 /* Products */ = {
			isa = PBXGroup;
			children = (
				4FB791C925ABC33A00BE5A90 /* profileDemo002.app */,
				4FB791DF25ABC33E00BE5A90 /* profileDemo002Tests.xctest */,
				4FB791EA25ABC33E00BE5A90 /* profileDemo002UITests.xctest */,
			);
			name = Products;
			sourceTree = "<group>";
		};
		4FB791CB25ABC33A00BE5A90 /* profileDemo002 */ = {
			isa = PBXGroup;
			children = (
				4FB791CC25ABC33A00BE5A90 /* AppDelegate.swift */,
				4FB791CE25ABC33A00BE5A90 /* SceneDelegate.swift */,
				4FB791D025ABC33A00BE5A90 /* ViewController.swift */,
				4FB791D225ABC33A00BE5A90 /* Main.storyboard */,
				4FB791D525ABC33E00BE5A90 /* Assets.xcassets */,
				4FB791D725ABC33E00BE5A90 /* LaunchScreen.storyboard */,
				4FB791DA25ABC33E00BE5A90 /* Info.plist */,
			);
			path = profileDemo002;
			sourceTree = "<group>";
		};
		4FB791E225ABC33E00BE5A90 /* profileDemo002Tests */ = {
			isa = PBXGroup;
			children = (
				4FB791E325ABC33E00BE5A90 /* profileDemo002Tests.swift */,
				4FB791E525ABC33E00BE5A90 /* Info.plist */,
			);
			path = profileDemo002Tests;
			sourceTree = "<group>";
		};
		4FB791ED25ABC33E00BE5A90 /* profileDemo002UITests */ = {
			isa = PBXGroup;
			children = (
				4FB791EE25ABC33E00BE5A90 /* profileDemo002UITests.swift */,
				4FB791F025ABC33E00BE5A90 /* Info.plist */,
			);
			path = profileDemo002UITests;
			sourceTree = "<group>";
		};
/* End PBXGroup section */

/* Begin PBXNativeTarget section */
		4FB791C825ABC33A00BE5A90 /* profileDemo002 */ = {
			isa = PBXNativeTarget;
			buildConfigurationList = 4FB791F325ABC33E00BE5A90 /* Build configuration list for PBXNativeTarget "profileDemo002" */;
			buildPhases = (
				4FB791C525ABC33A00BE5A90 /* Sources */,
				4FB791C625ABC33A00BE5A90 /* Frameworks */,
				4FB791C725ABC33A00BE5A90 /* Resources */,
			);
			buildRules = (
			);
			dependencies = (
			);
			name = profileDemo002;
			productName = profileDemo002;
			productReference = 4FB791C925ABC33A00BE5A90 /* profileDemo002.app */;
			productType = "com.apple.product-type.application";
		};
		4FB791DE25ABC33E00BE5A90 /* profileDemo002Tests */ = {
			isa = PBXNativeTarget;
			buildConfigurationList = 4FB791F625ABC33E00BE5A90 /* Build configuration list for PBXNativeTarget "profileDemo002Tests" */;
			buildPhases = (
				4FB791DB25ABC33E00BE5A90 /* Sources */,
				4FB791DC25ABC33E00BE5A90 /* Frameworks */,
				4FB791DD25ABC33E00BE5A90 /* Resources */,
			);
			buildRules = (
			);
			dependencies = (
				4FB791E125ABC33E00BE5A90 /* PBXTargetDependency */,
			);
			name = profileDemo002Tests;
			productName = profileDemo002Tests;
			productReference = 4FB791DF25ABC33E00BE5A90 /* profileDemo002Tests.xctest */;
			productType = "com.apple.product-type.bundle.unit-test";
		};
		4FB791E925ABC33E00BE5A90 /* profileDemo002UITests */ = {
			isa = PBXNativeTarget;
			buildConfigurationList = 4FB791F925ABC33E00BE5A90 /* Build configuration list for PBXNativeTarget "profileDemo002UITests" */;
			buildPhases = (
				4FB791E625ABC33E00BE5A90 /* Sources */,
				4FB791E725ABC33E00BE5A90 /* Frameworks */,
				4FB791E825ABC33E00BE5A90 /* Resources */,
			);
			buildRules = (
			);
			dependencies = (
				4FB791EC25ABC33E00BE5A90 /* PBXTargetDependency */,
			);
			name = profileDemo002UITests;
			productName = profileDemo002UITests;
			productReference = 4FB791EA25ABC33E00BE5A90 /* profileDemo002UITests.xctest */;
			productType = "com.apple.product-type.bundle.ui-testing";
		};
/* End PBXNativeTarget section */

/* Begin PBXProject section */
		4FB791C125ABC33A00BE5A90 /* Project object */ = {
			isa = PBXProject;
			attributes = {
				LastSwiftUpdateCheck = 1230;
				LastUpgradeCheck = 1230;
				TargetAttributes = {
					4FB791C825ABC33A00BE5A90 = {
						CreatedOnToolsVersion = 12.3;
					};
					4FB791DE25ABC33E00BE5A90 = {
						CreatedOnToolsVersion = 12.3;
						TestTargetID = 4FB791C825ABC33A00BE5A90;
					};
					4FB791E925ABC33E00BE5A90 = {
						CreatedOnToolsVersion = 12.3;
						TestTargetID = 4FB791C825ABC33A00BE5A90;
					};
				};
			};
			buildConfigurationList = 4FB791C425ABC33A00BE5A90 /* Build configuration list for PBXProject "profileDemo002" */;
			compatibilityVersion = "Xcode 9.3";
			developmentRegion = en;
			hasScannedForEncodings = 0;
			knownRegions = (
				en,
				Base,
			);
			mainGroup = 4FB791C025ABC33A00BE5A90;
			productRefGroup = 4FB791CA25ABC33A00BE5A90 /* Products */;
			projectDirPath = "";
			projectRoot = "";
			targets = (
				4FB791C825ABC33A00BE5A90 /* profileDemo002 */,
				4FB791DE25ABC33E00BE5A90 /* profileDemo002Tests */,
				4FB791E925ABC33E00BE5A90 /* profileDemo002UITests */,
			);
		};
/* End PBXProject section */

/* Begin PBXResourcesBuildPhase section */
		4FB791C725ABC33A00BE5A90 /* Resources */ = {
			isa = PBXResourcesBuildPhase;
			buildActionMask = 2147483647;
			files = (
				4FB791D925ABC33E00BE5A90 /* LaunchScreen.storyboard in Resources */,
				4FB791D625ABC33E00BE5A90 /* Assets.xcassets in Resources */,
				4FB791D425ABC33A00BE5A90 /* Main.storyboard in Resources */,
			);
			runOnlyForDeploymentPostprocessing = 0;
		};
		4FB791DD25ABC33E00BE5A90 /* Resources */ = {
			isa = PBXResourcesBuildPhase;
			buildActionMask = 2147483647;
			files = (
			);
			runOnlyForDeploymentPostprocessing = 0;
		};
		4FB791E825ABC33E00BE5A90 /* Resources */ = {
			isa = PBXResourcesBuildPhase;
			buildActionMask = 2147483647;
			files = (
			);
			runOnlyForDeploymentPostprocessing = 0;
		};
/* End PBXResourcesBuildPhase section */

/* Begin PBXSourcesBuildPhase section */
		4FB791C525ABC33A00BE5A90 /* Sources */ = {
			isa = PBXSourcesBuildPhase;
			buildActionMask = 2147483647;
			files = (
				4FB791D125ABC33A00BE5A90 /* ViewController.swift in Sources */,
				4FB791CD25ABC33A00BE5A90 /* AppDelegate.swift in Sources */,
				4FB791CF25ABC33A00BE5A90 /* SceneDelegate.swift in Sources */,
			);
			runOnlyForDeploymentPostprocessing = 0;
		};
		4FB791DB25ABC33E00BE5A90 /* Sources */ = {
			isa = PBXSourcesBuildPhase;
			buildActionMask = 2147483647;
			files = (
				4FB791E425ABC33E00BE5A90 /* profileDemo002Tests.swift in Sources */,
			);
			runOnlyForDeploymentPostprocessing = 0;
		};
		4FB791E625ABC33E00BE5A90 /* Sources */ = {
			isa = PBXSourcesBuildPhase;
			buildActionMask = 2147483647;
			files = (
				4FB791EF25ABC33E00BE5A90 /* profileDemo002UITests.swift in Sources */,
			);
			runOnlyForDeploymentPostprocessing = 0;
		};
/* End PBXSourcesBuildPhase section */

/* Begin PBXTargetDependency section */
		4FB791E125ABC33E00BE5A90 /* PBXTargetDependency */ = {
			isa = PBXTargetDependency;
			target = 4FB791C825ABC33A00BE5A90 /* profileDemo002 */;
			targetProxy = 4FB791E025ABC33E00BE5A90 /* PBXContainerItemProxy */;
		};
		4FB791EC25ABC33E00BE5A90 /* PBXTargetDependency */ = {
			isa = PBXTargetDependency;
			target = 4FB791C825ABC33A00BE5A90 /* profileDemo002 */;
			targetProxy = 4FB791EB25ABC33E00BE5A90 /* PBXContainerItemProxy */;
		};
/* End PBXTargetDependency section */

/* Begin PBXVariantGroup section */
		4FB791D225ABC33A00BE5A90 /* Main.storyboard */ = {
			isa = PBXVariantGroup;
			children = (
				4FB791D325ABC33A00BE5A90 /* Base */,
			);
			name = Main.storyboard;
			sourceTree = "<group>";
		};
		4FB791D725ABC33E00BE5A90 /* LaunchScreen.storyboard */ = {
			isa = PBXVariantGroup;
			children = (
				4FB791D825ABC33E00BE5A90 /* Base */,
			);
			name = LaunchScreen.storyboard;
			sourceTree = "<group>";
		};
/* End PBXVariantGroup section */

/* Begin XCBuildConfiguration section */
		4FB791F125ABC33E00BE5A90 /* Debug */ = {
			isa = XCBuildConfiguration;
			buildSettings = {
				ALWAYS_SEARCH_USER_PATHS = NO;
				CLANG_ANALYZER_NONNULL = YES;
				CLANG_ANALYZER_NUMBER_OBJECT_CONVERSION = YES_AGGRESSIVE;
				CLANG_CXX_LANGUAGE_STANDARD = "gnu++14";
				CLANG_CXX_LIBRARY = "libc++";
				CLANG_ENABLE_MODULES = YES;
				CLANG_ENABLE_OBJC_ARC = YES;
				CLANG_ENABLE_OBJC_WEAK = YES;
				CLANG_WARN_BLOCK_CAPTURE_AUTORELEASING = YES;
				CLANG_WARN_BOOL_CONVERSION = YES;
				CLANG_WARN_COMMA = YES;
				CLANG_WARN_CONSTANT_CONVERSION = YES;
				CLANG_WARN_DEPRECATED_OBJC_IMPLEMENTATIONS = YES;
				CLANG_WARN_DIRECT_OBJC_ISA_USAGE = YES_ERROR;
				CLANG_WARN_DOCUMENTATION_COMMENTS = YES;
				CLANG_WARN_EMPTY_BODY = YES;
				CLANG_WARN_ENUM_CONVERSION = YES;
				CLANG_WARN_INFINITE_RECURSION = YES;
				CLANG_WARN_INT_CONVERSION = YES;
				CLANG_WARN_NON_LITERAL_NULL_CONVERSION = YES;
				CLANG_WARN_OBJC_IMPLICIT_RETAIN_SELF = YES;
				CLANG_WARN_OBJC_LITERAL_CONVERSION = YES;
				CLANG_WARN_OBJC_ROOT_CLASS = YES_ERROR;
				CLANG_WARN_QUOTED_INCLUDE_IN_FRAMEWORK_HEADER = YES;
				CLANG_WARN_RANGE_LOOP_ANALYSIS = YES;
				CLANG_WARN_STRICT_PROTOTYPES = YES;
				CLANG_WARN_SUSPICIOUS_MOVE = YES;
				CLANG_WARN_UNGUARDED_AVAILABILITY = YES_AGGRESSIVE;
				CLANG_WARN_UNREACHABLE_CODE = YES;
				CLANG_WARN__DUPLICATE_METHOD_MATCH = YES;
				COPY_PHASE_STRIP = NO;
				DEBUG_INFORMATION_FORMAT = dwarf;
				ENABLE_STRICT_OBJC_MSGSEND = YES;
				ENABLE_TESTABILITY = YES;
				GCC_C_LANGUAGE_STANDARD = gnu11;
				GCC_DYNAMIC_NO_PIC = NO;
				GCC_NO_COMMON_BLOCKS = YES;
				GCC_OPTIMIZATION_LEVEL = 0;
				GCC_PREPROCESSOR_DEFINITIONS = (
					"DEBUG=1",
					"$(inherited)",
				);
				GCC_WARN_64_TO_32_BIT_CONVERSION = YES;
				GCC_WARN_ABOUT_RETURN_TYPE = YES_ERROR;
				GCC_WARN_UNDECLARED_SELECTOR = YES;
				GCC_WARN_UNINITIALIZED_AUTOS = YES_AGGRESSIVE;
				GCC_WARN_UNUSED_FUNCTION = YES;
				GCC_WARN_UNUSED_VARIABLE = YES;
				IPHONEOS_DEPLOYMENT_TARGET = 12.3;
				MTL_ENABLE_DEBUG_INFO = INCLUDE_SOURCE;
				MTL_FAST_MATH = YES;
				ONLY_ACTIVE_ARCH = YES;
				SDKROOT = iphoneos;
				SWIFT_ACTIVE_COMPILATION_CONDITIONS = DEBUG;
				SWIFT_OPTIMIZATION_LEVEL = "-Onone";
			};
			name = Debug;
		};
		4FB791F225ABC33E00BE5A90 /* Release */ = {
			isa = XCBuildConfiguration;
			buildSettings = {
				ALWAYS_SEARCH_USER_PATHS = NO;
				CLANG_ANALYZER_NONNULL = YES;
				CLANG_ANALYZER_NUMBER_OBJECT_CONVERSION = YES_AGGRESSIVE;
				CLANG_CXX_LANGUAGE_STANDARD = "gnu++14";
				CLANG_CXX_LIBRARY = "libc++";
				CLANG_ENABLE_MODULES = YES;
				CLANG_ENABLE_OBJC_ARC = YES;
				CLANG_ENABLE_OBJC_WEAK = YES;
				CLANG_WARN_BLOCK_CAPTURE_AUTORELEASING = YES;
				CLANG_WARN_BOOL_CONVERSION = YES;
				CLANG_WARN_COMMA = YES;
				CLANG_WARN_CONSTANT_CONVERSION = YES;
				CLANG_WARN_DEPRECATED_OBJC_IMPLEMENTATIONS = YES;
				CLANG_WARN_DIRECT_OBJC_ISA_USAGE = YES_ERROR;
				CLANG_WARN_DOCUMENTATION_COMMENTS = YES;
				CLANG_WARN_EMPTY_BODY = YES;
				CLANG_WARN_ENUM_CONVERSION = YES;
				CLANG_WARN_INFINITE_RECURSION = YES;
				CLANG_WARN_INT_CONVERSION = YES;
				CLANG_WARN_NON_LITERAL_NULL_CONVERSION = YES;
				CLANG_WARN_OBJC_IMPLICIT_RETAIN_SELF = YES;
				CLANG_WARN_OBJC_LITERAL_CONVERSION = YES;
				CLANG_WARN_OBJC_ROOT_CLASS = YES_ERROR;
				CLANG_WARN_QUOTED_INCLUDE_IN_FRAMEWORK_HEADER = YES;
				CLANG_WARN_RANGE_LOOP_ANALYSIS = YES;
				CLANG_WARN_STRICT_PROTOTYPES = YES;
				CLANG_WARN_SUSPICIOUS_MOVE = YES;
				CLANG_WARN_UNGUARDED_AVAILABILITY = YES_AGGRESSIVE;
				CLANG_WARN_UNREACHABLE_CODE = YES;
				CLANG_WARN__DUPLICATE_METHOD_MATCH = YES;
				COPY_PHASE_STRIP = NO;
				DEBUG_INFORMATION_FORMAT = "dwarf-with-dsym";
				ENABLE_NS_ASSERTIONS = NO;
				ENABLE_STRICT_OBJC_MSGSEND = YES;
				GCC_C_LANGUAGE_STANDARD = gnu11;
				GCC_NO_COMMON_BLOCKS = YES;
				GCC_WARN_64_TO_32_BIT_CONVERSION = YES;
				GCC_WARN_ABOUT_RETURN_TYPE = YES_ERROR;
				GCC_WARN_UNDECLARED_SELECTOR = YES;
				GCC_WARN_UNINITIALIZED_AUTOS = YES_AGGRESSIVE;
				GCC_WARN_UNUSED_FUNCTION = YES;
				GCC_WARN_UNUSED_VARIABLE = YES;
				IPHONEOS_DEPLOYMENT_TARGET = 12.3;
				MTL_ENABLE_DEBUG_INFO = NO;
				MTL_FAST_MATH = YES;
				SDKROOT = iphoneos;
				SWIFT_COMPILATION_MODE = wholemodule;
				SWIFT_OPTIMIZATION_LEVEL = "-O";
				VALIDATE_PRODUCT = YES;
			};
			name = Release;
		};
		4FB791F425ABC33E00BE5A90 /* Debug */ = {
			isa = XCBuildConfiguration;
			buildSettings = {
				ASSETCATALOG_COMPILER_APPICON_NAME = AppIcon;
				ASSETCATALOG_COMPILER_GLOBAL_ACCENT_COLOR_NAME = AccentColor;
				CODE_SIGN_STYLE = Automatic;
				DEVELOPMENT_TEAM = R6KJNXSP42;
				INFOPLIST_FILE = profileDemo002/Info.plist;
				LD_RUNPATH_SEARCH_PATHS = (
					"$(inherited)",
					"@executable_path/Frameworks",
				);
				MARKETING_VERSION = 1.1;
				PRODUCT_BUNDLE_IDENTIFIER = "com-mim.dem";
				PRODUCT_NAME = "$(TARGET_NAME)";
				SWIFT_VERSION = 5.0;
				TARGETED_DEVICE_FAMILY = "1,2";
			};
			name = Debug;
		};
		4FB791F525ABC33E00BE5A90 /* Release */ = {
			isa = XCBuildConfiguration;
			buildSettings = {
				ASSETCATALOG_COMPILER_APPICON_NAME = AppIcon;
				ASSETCATALOG_COMPILER_GLOBAL_ACCENT_COLOR_NAME = AccentColor;
				CODE_SIGN_STYLE = Automatic;
				DEVELOPMENT_TEAM = R6KJNXSP42;
				INFOPLIST_FILE = profileDemo002/Info.plist;
				LD_RUNPATH_SEARCH_PATHS = (
					"$(inherited)",
					"@executable_path/Frameworks",
				);
				MARKETING_VERSION = 1.1;
				PRODUCT_BUNDLE_IDENTIFIER = "com-mim.dem";
				PRODUCT_NAME = "$(TARGET_NAME)";
				SWIFT_VERSION = 5.0;
				TARGETED_DEVICE_FAMILY = "1,2";
			};
			name = Release;
		};
		4FB791F725ABC33E00BE5A90 /* Debug */ = {
			isa = XCBuildConfiguration;
			buildSettings = {
				ALWAYS_EMBED_SWIFT_STANDARD_LIBRARIES = YES;
				BUNDLE_LOADER = "$(TEST_HOST)";
				CODE_SIGN_STYLE = Automatic;
				DEVELOPMENT_TEAM = R6KJNXSP42;
				INFOPLIST_FILE = profileDemo002Tests/Info.plist;
				IPHONEOS_DEPLOYMENT_TARGET = 12.2;
				LD_RUNPATH_SEARCH_PATHS = (
					"$(inherited)",
					"@executable_path/Frameworks",
					"@loader_path/Frameworks",
				);
				PRODUCT_BUNDLE_IDENTIFIER = com.cadena.profileDemo002Tests;
				PRODUCT_NAME = "$(TARGET_NAME)";
				SWIFT_VERSION = 5.0;
				TARGETED_DEVICE_FAMILY = "1,2";
				TEST_HOST = "$(BUILT_PRODUCTS_DIR)/profileDemo002.app/profileDemo002";
			};
			name = Debug;
		};
		4FB791F825ABC33E00BE5A90 /* Release */ = {
			isa = XCBuildConfiguration;
			buildSettings = {
				ALWAYS_EMBED_SWIFT_STANDARD_LIBRARIES = YES;
				BUNDLE_LOADER = "$(TEST_HOST)";
				CODE_SIGN_STYLE = Automatic;
				DEVELOPMENT_TEAM = R6KJNXSP42;
				INFOPLIST_FILE = profileDemo002Tests/Info.plist;
				IPHONEOS_DEPLOYMENT_TARGET = 12.2;
				LD_RUNPATH_SEARCH_PATHS = (
					"$(inherited)",
					"@executable_path/Frameworks",
					"@loader_path/Frameworks",
				);
				PRODUCT_BUNDLE_IDENTIFIER = com.cadena.profileDemo002Tests;
				PRODUCT_NAME = "$(TARGET_NAME)";
				SWIFT_VERSION = 5.0;
				TARGETED_DEVICE_FAMILY = "1,2";
				TEST_HOST = "$(BUILT_PRODUCTS_DIR)/profileDemo002.app/profileDemo002";
			};
			name = Release;
		};
		4FB791FA25ABC33E00BE5A90 /* Debug */ = {
			isa = XCBuildConfiguration;
			buildSettings = {
				ALWAYS_EMBED_SWIFT_STANDARD_LIBRARIES = YES;
				CODE_SIGN_STYLE = Automatic;
				DEVELOPMENT_TEAM = V9988524L8;
				INFOPLIST_FILE = profileDemo002UITests/Info.plist;
				LD_RUNPATH_SEARCH_PATHS = (
					"$(inherited)",
					"@executable_path/Frameworks",
					"@loader_path/Frameworks",
				);
				PRODUCT_BUNDLE_IDENTIFIER = com.cadena.profileDemo002UITests;
				PRODUCT_NAME = "$(TARGET_NAME)";
				SWIFT_VERSION = 5.0;
				TARGETED_DEVICE_FAMILY = "1,2";
				TEST_TARGET_NAME = profileDemo002;
			};
			name = Debug;
		};
		4FB791FB25ABC33E00BE5A90 /* Release */ = {
			isa = XCBuildConfiguration;
			buildSettings = {
				ALWAYS_EMBED_SWIFT_STANDARD_LIBRARIES = YES;
				CODE_SIGN_STYLE = Automatic;
				DEVELOPMENT_TEAM = V9988524L8;
				INFOPLIST_FILE = profileDemo002UITests/Info.plist;
				LD_RUNPATH_SEARCH_PATHS = (
					"$(inherited)",
					"@executable_path/Frameworks",
					"@loader_path/Frameworks",
				);
				PRODUCT_BUNDLE_IDENTIFIER = com.cadena.profileDemo002UITests;
				PRODUCT_NAME = "$(TARGET_NAME)";
				SWIFT_VERSION = 5.0;
				TARGETED_DEVICE_FAMILY = "1,2";
				TEST_TARGET_NAME = profileDemo002;
			};
			name = Release;
		};
/* End XCBuildConfiguration section */

/* Begin XCConfigurationList section */
		4FB791C425ABC33A00BE5A90 /* Build configuration list for PBXProject "profileDemo002" */ = {
			isa = XCConfigurationList;
			buildConfigurations = (
				4FB791F125ABC33E00BE5A90 /* Debug */,
				4FB791F225ABC33E00BE5A90 /* Release */,
			);
			defaultConfigurationIsVisible = 0;
			defaultConfigurationName = Release;
		};
		4FB791F325ABC33E00BE5A90 /* Build configuration list for PBXNativeTarget "profileDemo002" */ = {
			isa = XCConfigurationList;
			buildConfigurations = (
				4FB791F425ABC33E00BE5A90 /* Debug */,
				4FB791F525ABC33E00BE5A90 /* Release */,
			);
			defaultConfigurationIsVisible = 0;
			defaultConfigurationName = Release;
		};
		4FB791F625ABC33E00BE5A90 /* Build configuration list for PBXNativeTarget "profileDemo002Tests" */ = {
			isa = XCConfigurationList;
			buildConfigurations = (
				4FB791F725ABC33E00BE5A90 /* Debug */,
				4FB791F825ABC33E00BE5A90 /* Release */,
			);
			defaultConfigurationIsVisible = 0;
			defaultConfigurationName = Release;
		};
		4FB791F925ABC33E00BE5A90 /* Build configuration list for PBXNativeTarget "profileDemo002UITests" */ = {
			isa = XCConfigurationList;
			buildConfigurations = (
				4FB791FA25ABC33E00BE5A90 /* Debug */,
				4FB791FB25ABC33E00BE5A90 /* Release */,
			);
			defaultConfigurationIsVisible = 0;
			defaultConfigurationName = Release;
		};
/* End XCConfigurationList section */
	};
	rootObject = 4FB791C125ABC33A00BE5A90 /* Project object */;
}
